// !$*UTF8*$!
{
	archiveVersion = 1;
	classes = {
	};
	objectVersion = 50;
	objects = {

/* Begin PBXBuildFile section */
		E221E432242FA8BC00704F57 /* WiFiView.swift in Sources */ = {isa = PBXBuildFile; fileRef = E221E431242FA8BC00704F57 /* WiFiView.swift */; };
		E221E435242FAD8600704F57 /* WiFiViewModel.swift in Sources */ = {isa = PBXBuildFile; fileRef = E221E434242FAD8600704F57 /* WiFiViewModel.swift */; };
		E23292A324397083005E1B85 /* BluetoothViewModel.swift in Sources */ = {isa = PBXBuildFile; fileRef = E23292A224397083005E1B85 /* BluetoothViewModel.swift */; };
		E23292A724397502005E1B85 /* OptionRow.swift in Sources */ = {isa = PBXBuildFile; fileRef = E23292A624397502005E1B85 /* OptionRow.swift */; };
		E23292A924397FAD005E1B85 /* OptionSettingsView.swift in Sources */ = {isa = PBXBuildFile; fileRef = E23292A824397FAD005E1B85 /* OptionSettingsView.swift */; };
		E23292AB24398004005E1B85 /* OptionInnerView.swift in Sources */ = {isa = PBXBuildFile; fileRef = E23292AA24398004005E1B85 /* OptionInnerView.swift */; };
		E23292AD243981DB005E1B85 /* InnerView.swift in Sources */ = {isa = PBXBuildFile; fileRef = E23292AC243981DB005E1B85 /* InnerView.swift */; };
		E23292AF243981EE005E1B85 /* ToggleView.swift in Sources */ = {isa = PBXBuildFile; fileRef = E23292AE243981EE005E1B85 /* ToggleView.swift */; };
		E23292B124398254005E1B85 /* ToggleViewModel.swift in Sources */ = {isa = PBXBuildFile; fileRef = E23292B024398254005E1B85 /* ToggleViewModel.swift */; };
		E23292B3243984E5005E1B85 /* EndView.swift in Sources */ = {isa = PBXBuildFile; fileRef = E23292B2243984E5005E1B85 /* EndView.swift */; };
		E23292B52439A393005E1B85 /* DefaultImage.swift in Sources */ = {isa = PBXBuildFile; fileRef = E23292B42439A393005E1B85 /* DefaultImage.swift */; };
		E26338B3243A3339003DC06A /* PrimaryLabelModifier.swift in Sources */ = {isa = PBXBuildFile; fileRef = E26338B2243A3339003DC06A /* PrimaryLabelModifier.swift */; };
		E2BE725723CD65820000FF2D /* AppDelegate.swift in Sources */ = {isa = PBXBuildFile; fileRef = E2BE725623CD65820000FF2D /* AppDelegate.swift */; };
		E2BE725923CD65820000FF2D /* SceneDelegate.swift in Sources */ = {isa = PBXBuildFile; fileRef = E2BE725823CD65820000FF2D /* SceneDelegate.swift */; };
		E2BE725B23CD65820000FF2D /* ContentView.swift in Sources */ = {isa = PBXBuildFile; fileRef = E2BE725A23CD65820000FF2D /* ContentView.swift */; };
		E2BE725D23CD65870000FF2D /* Assets.xcassets in Resources */ = {isa = PBXBuildFile; fileRef = E2BE725C23CD65870000FF2D /* Assets.xcassets */; };
		E2BE726023CD65870000FF2D /* Preview Assets.xcassets in Resources */ = {isa = PBXBuildFile; fileRef = E2BE725F23CD65870000FF2D /* Preview Assets.xcassets */; };
		E2BE726323CD65870000FF2D /* LaunchScreen.storyboard in Resources */ = {isa = PBXBuildFile; fileRef = E2BE726123CD65870000FF2D /* LaunchScreen.storyboard */; };
		E2BE726C23CD65AD0000FF2D /* Option.swift in Sources */ = {isa = PBXBuildFile; fileRef = E2BE726B23CD65AD0000FF2D /* Option.swift */; };
		E2BE726E23CD65DB0000FF2D /* InnerOptionValue.swift in Sources */ = {isa = PBXBuildFile; fileRef = E2BE726D23CD65DB0000FF2D /* InnerOptionValue.swift */; };
		E2BE727123CD681A0000FF2D /* SignInView.swift in Sources */ = {isa = PBXBuildFile; fileRef = E2BE727023CD681A0000FF2D /* SignInView.swift */; };
		E2BE727623CD71B80000FF2D /* BluetoothView.swift in Sources */ = {isa = PBXBuildFile; fileRef = E2BE727523CD71B80000FF2D /* BluetoothView.swift */; };
		E2D41F4023F0FFC9005348C7 /* ToggleBluetoothView.swift in Sources */ = {isa = PBXBuildFile; fileRef = E2D41F3F23F0FFC9005348C7 /* ToggleBluetoothView.swift */; };
		E2D41F4223F102F3005348C7 /* ActivityIndicator.swift in Sources */ = {isa = PBXBuildFile; fileRef = E2D41F4123F102F3005348C7 /* ActivityIndicator.swift */; };
/* End PBXBuildFile section */

/* Begin PBXFileReference section */
		E221E431242FA8BC00704F57 /* WiFiView.swift */ = {isa = PBXFileReference; lastKnownFileType = sourcecode.swift; path = WiFiView.swift; sourceTree = "<group>"; };
		E221E434242FAD8600704F57 /* WiFiViewModel.swift */ = {isa = PBXFileReference; lastKnownFileType = sourcecode.swift; path = WiFiViewModel.swift; sourceTree = "<group>"; };
		E23292A224397083005E1B85 /* BluetoothViewModel.swift */ = {isa = PBXFileReference; lastKnownFileType = sourcecode.swift; path = BluetoothViewModel.swift; sourceTree = "<group>"; };
		E23292A624397502005E1B85 /* OptionRow.swift */ = {isa = PBXFileReference; lastKnownFileType = sourcecode.swift; path = OptionRow.swift; sourceTree = "<group>"; };
		E23292A824397FAD005E1B85 /* OptionSettingsView.swift */ = {isa = PBXFileReference; lastKnownFileType = sourcecode.swift; path = OptionSettingsView.swift; sourceTree = "<group>"; };
		E23292AA24398004005E1B85 /* OptionInnerView.swift */ = {isa = PBXFileReference; lastKnownFileType = sourcecode.swift; path = OptionInnerView.swift; sourceTree = "<group>"; };
		E23292AC243981DB005E1B85 /* InnerView.swift */ = {isa = PBXFileReference; lastKnownFileType = sourcecode.swift; path = InnerView.swift; sourceTree = "<group>"; };
		E23292AE243981EE005E1B85 /* ToggleView.swift */ = {isa = PBXFileReference; lastKnownFileType = sourcecode.swift; path = ToggleView.swift; sourceTree = "<group>"; };
		E23292B024398254005E1B85 /* ToggleViewModel.swift */ = {isa = PBXFileReference; lastKnownFileType = sourcecode.swift; path = ToggleViewModel.swift; sourceTree = "<group>"; };
		E23292B2243984E5005E1B85 /* EndView.swift */ = {isa = PBXFileReference; lastKnownFileType = sourcecode.swift; path = EndView.swift; sourceTree = "<group>"; };
		E23292B42439A393005E1B85 /* DefaultImage.swift */ = {isa = PBXFileReference; lastKnownFileType = sourcecode.swift; path = DefaultImage.swift; sourceTree = "<group>"; };
		E26338B2243A3339003DC06A /* PrimaryLabelModifier.swift */ = {isa = PBXFileReference; lastKnownFileType = sourcecode.swift; path = PrimaryLabelModifier.swift; sourceTree = "<group>"; };
		E2BE725323CD65820000FF2D /* SettingsApp.app */ = {isa = PBXFileReference; explicitFileType = wrapper.application; includeInIndex = 0; path = SettingsApp.app; sourceTree = BUILT_PRODUCTS_DIR; };
		E2BE725623CD65820000FF2D /* AppDelegate.swift */ = {isa = PBXFileReference; lastKnownFileType = sourcecode.swift; path = AppDelegate.swift; sourceTree = "<group>"; };
		E2BE725823CD65820000FF2D /* SceneDelegate.swift */ = {isa = PBXFileReference; lastKnownFileType = sourcecode.swift; path = SceneDelegate.swift; sourceTree = "<group>"; };
		E2BE725A23CD65820000FF2D /* ContentView.swift */ = {isa = PBXFileReference; lastKnownFileType = sourcecode.swift; path = ContentView.swift; sourceTree = "<group>"; };
		E2BE725C23CD65870000FF2D /* Assets.xcassets */ = {isa = PBXFileReference; lastKnownFileType = folder.assetcatalog; path = Assets.xcassets; sourceTree = "<group>"; };
		E2BE725F23CD65870000FF2D /* Preview Assets.xcassets */ = {isa = PBXFileReference; lastKnownFileType = folder.assetcatalog; path = "Preview Assets.xcassets"; sourceTree = "<group>"; };
		E2BE726223CD65870000FF2D /* Base */ = {isa = PBXFileReference; lastKnownFileType = file.storyboard; name = Base; path = Base.lproj/LaunchScreen.storyboard; sourceTree = "<group>"; };
		E2BE726423CD65870000FF2D /* Info.plist */ = {isa = PBXFileReference; lastKnownFileType = text.plist.xml; path = Info.plist; sourceTree = "<group>"; };
		E2BE726B23CD65AD0000FF2D /* Option.swift */ = {isa = PBXFileReference; lastKnownFileType = sourcecode.swift; path = Option.swift; sourceTree = "<group>"; };
		E2BE726D23CD65DB0000FF2D /* InnerOptionValue.swift */ = {isa = PBXFileReference; lastKnownFileType = sourcecode.swift; path = InnerOptionValue.swift; sourceTree = "<group>"; };
		E2BE727023CD681A0000FF2D /* SignInView.swift */ = {isa = PBXFileReference; lastKnownFileType = sourcecode.swift; path = SignInView.swift; sourceTree = "<group>"; };
		E2BE727523CD71B80000FF2D /* BluetoothView.swift */ = {isa = PBXFileReference; lastKnownFileType = sourcecode.swift; path = BluetoothView.swift; sourceTree = "<group>"; };
		E2D41F3F23F0FFC9005348C7 /* ToggleBluetoothView.swift */ = {isa = PBXFileReference; lastKnownFileType = sourcecode.swift; path = ToggleBluetoothView.swift; sourceTree = "<group>"; };
		E2D41F4123F102F3005348C7 /* ActivityIndicator.swift */ = {isa = PBXFileReference; lastKnownFileType = sourcecode.swift; path = ActivityIndicator.swift; sourceTree = "<group>"; };
/* End PBXFileReference section */

/* Begin PBXFrameworksBuildPhase section */
		E2BE725023CD65820000FF2D /* Frameworks */ = {
			isa = PBXFrameworksBuildPhase;
			buildActionMask = 2147483647;
			files = (
			);
			runOnlyForDeploymentPostprocessing = 0;
		};
/* End PBXFrameworksBuildPhase section */

/* Begin PBXGroup section */
		E221E433242FAD7300704F57 /* ViewModels */ = {
			isa = PBXGroup;
			children = (
				E221E434242FAD8600704F57 /* WiFiViewModel.swift */,
				E23292A224397083005E1B85 /* BluetoothViewModel.swift */,
				E23292B024398254005E1B85 /* ToggleViewModel.swift */,
			);
			path = ViewModels;
			sourceTree = "<group>";
		};
		E26338B0243A3305003DC06A /* ViewModifiers */ = {
			isa = PBXGroup;
			children = (
				E26338B1243A331B003DC06A /* Text */,
			);
			path = ViewModifiers;
			sourceTree = "<group>";
		};
		E26338B1243A331B003DC06A /* Text */ = {
			isa = PBXGroup;
			children = (
				E26338B2243A3339003DC06A /* PrimaryLabelModifier.swift */,
			);
			path = Text;
			sourceTree = "<group>";
		};
		E26338B4243A362C003DC06A /* Bluetooth */ = {
			isa = PBXGroup;
			children = (
				E2BE727523CD71B80000FF2D /* BluetoothView.swift */,
				E2D41F3F23F0FFC9005348C7 /* ToggleBluetoothView.swift */,
			);
			path = Bluetooth;
			sourceTree = "<group>";
		};
		E26338B5243A363C003DC06A /* Options */ = {
			isa = PBXGroup;
			children = (
				E23292A624397502005E1B85 /* OptionRow.swift */,
				E23292A824397FAD005E1B85 /* OptionSettingsView.swift */,
				E23292AA24398004005E1B85 /* OptionInnerView.swift */,
				E23292AC243981DB005E1B85 /* InnerView.swift */,
				E23292AE243981EE005E1B85 /* ToggleView.swift */,
				E23292B2243984E5005E1B85 /* EndView.swift */,
			);
			path = Options;
			sourceTree = "<group>";
		};
		E26338B6243A3650003DC06A /* WiFi */ = {
			isa = PBXGroup;
			children = (
				E221E431242FA8BC00704F57 /* WiFiView.swift */,
			);
			path = WiFi;
			sourceTree = "<group>";
		};
		E26338B7243A365C003DC06A /* Authentication */ = {
			isa = PBXGroup;
			children = (
				E2BE727023CD681A0000FF2D /* SignInView.swift */,
			);
			path = Authentication;
			sourceTree = "<group>";
		};
		E2BE724A23CD65820000FF2D = {
			isa = PBXGroup;
			children = (
				E2BE725523CD65820000FF2D /* SettingsApp */,
				E2BE725423CD65820000FF2D /* Products */,
			);
			sourceTree = "<group>";
		};
		E2BE725423CD65820000FF2D /* Products */ = {
			isa = PBXGroup;
			children = (
				E2BE725323CD65820000FF2D /* SettingsApp.app */,
			);
			name = Products;
			sourceTree = "<group>";
		};
		E2BE725523CD65820000FF2D /* SettingsApp */ = {
			isa = PBXGroup;
			children = (
				E26338B0243A3305003DC06A /* ViewModifiers */,
				E221E433242FAD7300704F57 /* ViewModels */,
				E2BE726F23CD68110000FF2D /* Views */,
				E2BE726A23CD65A40000FF2D /* Models */,
				E2BE725623CD65820000FF2D /* AppDelegate.swift */,
				E2BE725823CD65820000FF2D /* SceneDelegate.swift */,
				E2BE725A23CD65820000FF2D /* ContentView.swift */,
				E2BE725C23CD65870000FF2D /* Assets.xcassets */,
				E2BE726123CD65870000FF2D /* LaunchScreen.storyboard */,
				E2BE726423CD65870000FF2D /* Info.plist */,
				E2BE725E23CD65870000FF2D /* Preview Content */,
			);
			path = SettingsApp;
			sourceTree = "<group>";
		};
		E2BE725E23CD65870000FF2D /* Preview Content */ = {
			isa = PBXGroup;
			children = (
				E2BE725F23CD65870000FF2D /* Preview Assets.xcassets */,
			);
			path = "Preview Content";
			sourceTree = "<group>";
		};
		E2BE726A23CD65A40000FF2D /* Models */ = {
			isa = PBXGroup;
			children = (
				E2BE726B23CD65AD0000FF2D /* Option.swift */,
				E2BE726D23CD65DB0000FF2D /* InnerOptionValue.swift */,
			);
			path = Models;
			sourceTree = "<group>";
		};
		E2BE726F23CD68110000FF2D /* Views */ = {
			isa = PBXGroup;
			children = (
				E26338B7243A365C003DC06A /* Authentication */,
				E26338B6243A3650003DC06A /* WiFi */,
				E26338B5243A363C003DC06A /* Options */,
				E26338B4243A362C003DC06A /* Bluetooth */,
				E2D41F4123F102F3005348C7 /* ActivityIndicator.swift */,
				E23292B42439A393005E1B85 /* DefaultImage.swift */,
			);
			path = Views;
			sourceTree = "<group>";
		};
/* End PBXGroup section */

/* Begin PBXNativeTarget section */
		E2BE725223CD65820000FF2D /* SettingsApp */ = {
			isa = PBXNativeTarget;
			buildConfigurationList = E2BE726723CD65870000FF2D /* Build configuration list for PBXNativeTarget "SettingsApp" */;
			buildPhases = (
				E2BE724F23CD65820000FF2D /* Sources */,
				E2BE725023CD65820000FF2D /* Frameworks */,
				E2BE725123CD65820000FF2D /* Resources */,
			);
			buildRules = (
			);
			dependencies = (
			);
			name = SettingsApp;
			productName = SettingsApp;
			productReference = E2BE725323CD65820000FF2D /* SettingsApp.app */;
			productType = "com.apple.product-type.application";
		};
/* End PBXNativeTarget section */

/* Begin PBXProject section */
		E2BE724B23CD65820000FF2D /* Project object */ = {
			isa = PBXProject;
			attributes = {
				LastSwiftUpdateCheck = 1130;
				LastUpgradeCheck = 1130;
				ORGANIZATIONNAME = Alonso;
				TargetAttributes = {
					E2BE725223CD65820000FF2D = {
						CreatedOnToolsVersion = 11.3;
					};
				};
			};
			buildConfigurationList = E2BE724E23CD65820000FF2D /* Build configuration list for PBXProject "SettingsApp" */;
			compatibilityVersion = "Xcode 9.3";
			developmentRegion = en;
			hasScannedForEncodings = 0;
			knownRegions = (
				en,
				Base,
			);
			mainGroup = E2BE724A23CD65820000FF2D;
			productRefGroup = E2BE725423CD65820000FF2D /* Products */;
			projectDirPath = "";
			projectRoot = "";
			targets = (
				E2BE725223CD65820000FF2D /* SettingsApp */,
			);
		};
/* End PBXProject section */

/* Begin PBXResourcesBuildPhase section */
		E2BE725123CD65820000FF2D /* Resources */ = {
			isa = PBXResourcesBuildPhase;
			buildActionMask = 2147483647;
			files = (
				E2BE726323CD65870000FF2D /* LaunchScreen.storyboard in Resources */,
				E2BE726023CD65870000FF2D /* Preview Assets.xcassets in Resources */,
				E2BE725D23CD65870000FF2D /* Assets.xcassets in Resources */,
			);
			runOnlyForDeploymentPostprocessing = 0;
		};
/* End PBXResourcesBuildPhase section */

/* Begin PBXSourcesBuildPhase section */
		E2BE724F23CD65820000FF2D /* Sources */ = {
			isa = PBXSourcesBuildPhase;
			buildActionMask = 2147483647;
			files = (
				E2BE727123CD681A0000FF2D /* SignInView.swift in Sources */,
				E23292AD243981DB005E1B85 /* InnerView.swift in Sources */,
				E221E432242FA8BC00704F57 /* WiFiView.swift in Sources */,
				E23292A724397502005E1B85 /* OptionRow.swift in Sources */,
				E2BE726C23CD65AD0000FF2D /* Option.swift in Sources */,
				E23292AF243981EE005E1B85 /* ToggleView.swift in Sources */,
				E23292B124398254005E1B85 /* ToggleViewModel.swift in Sources */,
				E2BE726E23CD65DB0000FF2D /* InnerOptionValue.swift in Sources */,
				E2BE725723CD65820000FF2D /* AppDelegate.swift in Sources */,
				E2BE725923CD65820000FF2D /* SceneDelegate.swift in Sources */,
				E2D41F4223F102F3005348C7 /* ActivityIndicator.swift in Sources */,
				E23292A924397FAD005E1B85 /* OptionSettingsView.swift in Sources */,
				E23292B3243984E5005E1B85 /* EndView.swift in Sources */,
				E23292A324397083005E1B85 /* BluetoothViewModel.swift in Sources */,
				E2D41F4023F0FFC9005348C7 /* ToggleBluetoothView.swift in Sources */,
				E221E435242FAD8600704F57 /* WiFiViewModel.swift in Sources */,
				E23292AB24398004005E1B85 /* OptionInnerView.swift in Sources */,
				E26338B3243A3339003DC06A /* PrimaryLabelModifier.swift in Sources */,
				E23292B52439A393005E1B85 /* DefaultImage.swift in Sources */,
				E2BE725B23CD65820000FF2D /* ContentView.swift in Sources */,
				E2BE727623CD71B80000FF2D /* BluetoothView.swift in Sources */,
			);
			runOnlyForDeploymentPostprocessing = 0;
		};
/* End PBXSourcesBuildPhase section */

/* Begin PBXVariantGroup section */
		E2BE726123CD65870000FF2D /* LaunchScreen.storyboard */ = {
			isa = PBXVariantGroup;
			children = (
				E2BE726223CD65870000FF2D /* Base */,
			);
			name = LaunchScreen.storyboard;
			sourceTree = "<group>";
		};
/* End PBXVariantGroup section */

/* Begin XCBuildConfiguration section */
		E2BE726523CD65870000FF2D /* Debug */ = {
			isa = XCBuildConfiguration;
			buildSettings = {
				ALWAYS_SEARCH_USER_PATHS = NO;
				CLANG_ANALYZER_NONNULL = YES;
				CLANG_ANALYZER_NUMBER_OBJECT_CONVERSION = YES_AGGRESSIVE;
				CLANG_CXX_LANGUAGE_STANDARD = "gnu++14";
				CLANG_CXX_LIBRARY = "libc++";
				CLANG_ENABLE_MODULES = YES;
				CLANG_ENABLE_OBJC_ARC = YES;
				CLANG_ENABLE_OBJC_WEAK = YES;
				CLANG_WARN_BLOCK_CAPTURE_AUTORELEASING = YES;
				CLANG_WARN_BOOL_CONVERSION = YES;
				CLANG_WARN_COMMA = YES;
				CLANG_WARN_CONSTANT_CONVERSION = YES;
				CLANG_WARN_DEPRECATED_OBJC_IMPLEMENTATIONS = YES;
				CLANG_WARN_DIRECT_OBJC_ISA_USAGE = YES_ERROR;
				CLANG_WARN_DOCUMENTATION_COMMENTS = YES;
				CLANG_WARN_EMPTY_BODY = YES;
				CLANG_WARN_ENUM_CONVERSION = YES;
				CLANG_WARN_INFINITE_RECURSION = YES;
				CLANG_WARN_INT_CONVERSION = YES;
				CLANG_WARN_NON_LITERAL_NULL_CONVERSION = YES;
				CLANG_WARN_OBJC_IMPLICIT_RETAIN_SELF = YES;
				CLANG_WARN_OBJC_LITERAL_CONVERSION = YES;
				CLANG_WARN_OBJC_ROOT_CLASS = YES_ERROR;
				CLANG_WARN_RANGE_LOOP_ANALYSIS = YES;
				CLANG_WARN_STRICT_PROTOTYPES = YES;
				CLANG_WARN_SUSPICIOUS_MOVE = YES;
				CLANG_WARN_UNGUARDED_AVAILABILITY = YES_AGGRESSIVE;
				CLANG_WARN_UNREACHABLE_CODE = YES;
				CLANG_WARN__DUPLICATE_METHOD_MATCH = YES;
				COPY_PHASE_STRIP = NO;
				DEBUG_INFORMATION_FORMAT = dwarf;
				ENABLE_STRICT_OBJC_MSGSEND = YES;
				ENABLE_TESTABILITY = YES;
				GCC_C_LANGUAGE_STANDARD = gnu11;
				GCC_DYNAMIC_NO_PIC = NO;
				GCC_NO_COMMON_BLOCKS = YES;
				GCC_OPTIMIZATION_LEVEL = 0;
				GCC_PREPROCESSOR_DEFINITIONS = (
					"DEBUG=1",
					"$(inherited)",
				);
				GCC_WARN_64_TO_32_BIT_CONVERSION = YES;
				GCC_WARN_ABOUT_RETURN_TYPE = YES_ERROR;
				GCC_WARN_UNDECLARED_SELECTOR = YES;
				GCC_WARN_UNINITIALIZED_AUTOS = YES_AGGRESSIVE;
				GCC_WARN_UNUSED_FUNCTION = YES;
				GCC_WARN_UNUSED_VARIABLE = YES;
				IPHONEOS_DEPLOYMENT_TARGET = 13.2;
				MTL_ENABLE_DEBUG_INFO = INCLUDE_SOURCE;
				MTL_FAST_MATH = YES;
				ONLY_ACTIVE_ARCH = YES;
				SDKROOT = iphoneos;
				SWIFT_ACTIVE_COMPILATION_CONDITIONS = DEBUG;
				SWIFT_OPTIMIZATION_LEVEL = "-Onone";
			};
			name = Debug;
		};
		E2BE726623CD65870000FF2D /* Release */ = {
			isa = XCBuildConfiguration;
			buildSettings = {
				ALWAYS_SEARCH_USER_PATHS = NO;
				CLANG_ANALYZER_NONNULL = YES;
				CLANG_ANALYZER_NUMBER_OBJECT_CONVERSION = YES_AGGRESSIVE;
				CLANG_CXX_LANGUAGE_STANDARD = "gnu++14";
				CLANG_CXX_LIBRARY = "libc++";
				CLANG_ENABLE_MODULES = YES;
				CLANG_ENABLE_OBJC_ARC = YES;
				CLANG_ENABLE_OBJC_WEAK = YES;
				CLANG_WARN_BLOCK_CAPTURE_AUTORELEASING = YES;
				CLANG_WARN_BOOL_CONVERSION = YES;
				CLANG_WARN_COMMA = YES;
				CLANG_WARN_CONSTANT_CONVERSION = YES;
				CLANG_WARN_DEPRECATED_OBJC_IMPLEMENTATIONS = YES;
				CLANG_WARN_DIRECT_OBJC_ISA_USAGE = YES_ERROR;
				CLANG_WARN_DOCUMENTATION_COMMENTS = YES;
				CLANG_WARN_EMPTY_BODY = YES;
				CLANG_WARN_ENUM_CONVERSION = YES;
				CLANG_WARN_INFINITE_RECURSION = YES;
				CLANG_WARN_INT_CONVERSION = YES;
				CLANG_WARN_NON_LITERAL_NULL_CONVERSION = YES;
				CLANG_WARN_OBJC_IMPLICIT_RETAIN_SELF = YES;
				CLANG_WARN_OBJC_LITERAL_CONVERSION = YES;
				CLANG_WARN_OBJC_ROOT_CLASS = YES_ERROR;
				CLANG_WARN_RANGE_LOOP_ANALYSIS = YES;
				CLANG_WARN_STRICT_PROTOTYPES = YES;
				CLANG_WARN_SUSPICIOUS_MOVE = YES;
				CLANG_WARN_UNGUARDED_AVAILABILITY = YES_AGGRESSIVE;
				CLANG_WARN_UNREACHABLE_CODE = YES;
				CLANG_WARN__DUPLICATE_METHOD_MATCH = YES;
				COPY_PHASE_STRIP = NO;
				DEBUG_INFORMATION_FORMAT = "dwarf-with-dsym";
				ENABLE_NS_ASSERTIONS = NO;
				ENABLE_STRICT_OBJC_MSGSEND = YES;
				GCC_C_LANGUAGE_STANDARD = gnu11;
				GCC_NO_COMMON_BLOCKS = YES;
				GCC_WARN_64_TO_32_BIT_CONVERSION = YES;
				GCC_WARN_ABOUT_RETURN_TYPE = YES_ERROR;
				GCC_WARN_UNDECLARED_SELECTOR = YES;
				GCC_WARN_UNINITIALIZED_AUTOS = YES_AGGRESSIVE;
				GCC_WARN_UNUSED_FUNCTION = YES;
				GCC_WARN_UNUSED_VARIABLE = YES;
				IPHONEOS_DEPLOYMENT_TARGET = 13.2;
				MTL_ENABLE_DEBUG_INFO = NO;
				MTL_FAST_MATH = YES;
				SDKROOT = iphoneos;
				SWIFT_COMPILATION_MODE = wholemodule;
				SWIFT_OPTIMIZATION_LEVEL = "-O";
				VALIDATE_PRODUCT = YES;
			};
			name = Release;
		};
		E2BE726823CD65870000FF2D /* Debug */ = {
			isa = XCBuildConfiguration;
			buildSettings = {
				ASSETCATALOG_COMPILER_APPICON_NAME = AppIcon;
				CODE_SIGN_STYLE = Automatic;
				DEVELOPMENT_ASSET_PATHS = "\"SettingsApp/Preview Content\"";
				DEVELOPMENT_TEAM = E95KU8J3PN;
				ENABLE_PREVIEWS = YES;
				INFOPLIST_FILE = SettingsApp/Info.plist;
				LD_RUNPATH_SEARCH_PATHS = (
					"$(inherited)",
					"@executable_path/Frameworks",
				);
				PRODUCT_BUNDLE_IDENTIFIER = com.Alonso.SettingsApp;
				PRODUCT_NAME = "$(TARGET_NAME)";
				SWIFT_VERSION = 5.0;
				TARGETED_DEVICE_FAMILY = "1,2";
			};
			name = Debug;
		};
		E2BE726923CD65870000FF2D /* Release */ = {
			isa = XCBuildConfiguration;
			buildSettings = {
				ASSETCATALOG_COMPILER_APPICON_NAME = AppIcon;
				CODE_SIGN_STYLE = Automatic;
				DEVELOPMENT_ASSET_PATHS = "\"SettingsApp/Preview Content\"";
				DEVELOPMENT_TEAM = E95KU8J3PN;
				ENABLE_PREVIEWS = YES;
				INFOPLIST_FILE = SettingsApp/Info.plist;
				LD_RUNPATH_SEARCH_PATHS = (
					"$(inherited)",
					"@executable_path/Frameworks",
				);
				PRODUCT_BUNDLE_IDENTIFIER = com.Alonso.SettingsApp;
				PRODUCT_NAME = "$(TARGET_NAME)";
				SWIFT_VERSION = 5.0;
				TARGETED_DEVICE_FAMILY = "1,2";
			};
			name = Release;
		};
/* End XCBuildConfiguration section */

/* Begin XCConfigurationList section */
		E2BE724E23CD65820000FF2D /* Build configuration list for PBXProject "SettingsApp" */ = {
			isa = XCConfigurationList;
			buildConfigurations = (
				E2BE726523CD65870000FF2D /* Debug */,
				E2BE726623CD65870000FF2D /* Release */,
			);
			defaultConfigurationIsVisible = 0;
			defaultConfigurationName = Release;
		};
		E2BE726723CD65870000FF2D /* Build configuration list for PBXNativeTarget "SettingsApp" */ = {
			isa = XCConfigurationList;
			buildConfigurations = (
				E2BE726823CD65870000FF2D /* Debug */,
				E2BE726923CD65870000FF2D /* Release */,
			);
			defaultConfigurationIsVisible = 0;
			defaultConfigurationName = Release;
		};
/* End XCConfigurationList section */
	};
	rootObject = E2BE724B23CD65820000FF2D /* Project object */;
}
